// !$*UTF8*$!
{
	archiveVersion = 1;
	classes = {
	};
	objectVersion = 60;
	objects = {

/* Begin PBXBuildFile section */
		4A13D0472C3EF25000FD3B99 /* NetworkService.swift in Sources */ = {isa = PBXBuildFile; fileRef = 4A13D0462C3EF25000FD3B99 /* NetworkService.swift */; };
		4A13D04A2C3EF35600FD3B99 /* PetsModel.swift in Sources */ = {isa = PBXBuildFile; fileRef = 4A13D0492C3EF35600FD3B99 /* PetsModel.swift */; };
		4A13D04C2C3EF6D800FD3B99 /* Alamofire in Frameworks */ = {isa = PBXBuildFile; productRef = 4A13D04B2C3EF6D800FD3B99 /* Alamofire */; };
		4A13D04F2C3EF87E00FD3B99 /* PetsViewModel.swift in Sources */ = {isa = PBXBuildFile; fileRef = 4A13D04E2C3EF87E00FD3B99 /* PetsViewModel.swift */; };
		4A13D0522C3EFAAC00FD3B99 /* Cell.swift in Sources */ = {isa = PBXBuildFile; fileRef = 4A13D0512C3EFAAC00FD3B99 /* Cell.swift */; };
		4A13D0542C3EFBA300FD3B99 /* ProductModel.swift in Sources */ = {isa = PBXBuildFile; fileRef = 4A13D0532C3EFBA300FD3B99 /* ProductModel.swift */; };
		4AA6559A2C3EE79800DF539D /* swiftui_alamofireApp.swift in Sources */ = {isa = PBXBuildFile; fileRef = 4AA655992C3EE79800DF539D /* swiftui_alamofireApp.swift */; };
		4AA6559C2C3EE79800DF539D /* ContentView.swift in Sources */ = {isa = PBXBuildFile; fileRef = 4AA6559B2C3EE79800DF539D /* ContentView.swift */; };
		4AA6559E2C3EE79B00DF539D /* Assets.xcassets in Resources */ = {isa = PBXBuildFile; fileRef = 4AA6559D2C3EE79B00DF539D /* Assets.xcassets */; };
		4AA655A12C3EE79B00DF539D /* Preview Assets.xcassets in Resources */ = {isa = PBXBuildFile; fileRef = 4AA655A02C3EE79B00DF539D /* Preview Assets.xcassets */; };
		4AA655AB2C3EE79C00DF539D /* swiftui_alamofireTests.swift in Sources */ = {isa = PBXBuildFile; fileRef = 4AA655AA2C3EE79C00DF539D /* swiftui_alamofireTests.swift */; };
		4AA655B52C3EE79C00DF539D /* swiftui_alamofireUITests.swift in Sources */ = {isa = PBXBuildFile; fileRef = 4AA655B42C3EE79C00DF539D /* swiftui_alamofireUITests.swift */; };
		4AA655B72C3EE79C00DF539D /* swiftui_alamofireUITestsLaunchTests.swift in Sources */ = {isa = PBXBuildFile; fileRef = 4AA655B62C3EE79C00DF539D /* swiftui_alamofireUITestsLaunchTests.swift */; };
/* End PBXBuildFile section */

/* Begin PBXContainerItemProxy section */
		4AA655A72C3EE79C00DF539D /* PBXContainerItemProxy */ = {
			isa = PBXContainerItemProxy;
			containerPortal = 4AA6558E2C3EE79800DF539D /* Project object */;
			proxyType = 1;
			remoteGlobalIDString = 4AA655952C3EE79800DF539D;
			remoteInfo = "swiftui-alamofire";
		};
		4AA655B12C3EE79C00DF539D /* PBXContainerItemProxy */ = {
			isa = PBXContainerItemProxy;
			containerPortal = 4AA6558E2C3EE79800DF539D /* Project object */;
			proxyType = 1;
			remoteGlobalIDString = 4AA655952C3EE79800DF539D;
			remoteInfo = "swiftui-alamofire";
		};
/* End PBXContainerItemProxy section */

/* Begin PBXFileReference section */
		4A13D0462C3EF25000FD3B99 /* NetworkService.swift */ = {isa = PBXFileReference; lastKnownFileType = sourcecode.swift; path = NetworkService.swift; sourceTree = "<group>"; };
		4A13D0492C3EF35600FD3B99 /* PetsModel.swift */ = {isa = PBXFileReference; lastKnownFileType = sourcecode.swift; path = PetsModel.swift; sourceTree = "<group>"; };
		4A13D04E2C3EF87E00FD3B99 /* PetsViewModel.swift */ = {isa = PBXFileReference; lastKnownFileType = sourcecode.swift; path = PetsViewModel.swift; sourceTree = "<group>"; };
		4A13D0512C3EFAAC00FD3B99 /* Cell.swift */ = {isa = PBXFileReference; lastKnownFileType = sourcecode.swift; path = Cell.swift; sourceTree = "<group>"; };
		4A13D0532C3EFBA300FD3B99 /* ProductModel.swift */ = {isa = PBXFileReference; lastKnownFileType = sourcecode.swift; path = ProductModel.swift; sourceTree = "<group>"; };
		4AA655962C3EE79800DF539D /* swiftui-alamofire.app */ = {isa = PBXFileReference; explicitFileType = wrapper.application; includeInIndex = 0; path = "swiftui-alamofire.app"; sourceTree = BUILT_PRODUCTS_DIR; };
		4AA655992C3EE79800DF539D /* swiftui_alamofireApp.swift */ = {isa = PBXFileReference; lastKnownFileType = sourcecode.swift; path = swiftui_alamofireApp.swift; sourceTree = "<group>"; };
		4AA6559B2C3EE79800DF539D /* ContentView.swift */ = {isa = PBXFileReference; lastKnownFileType = sourcecode.swift; path = ContentView.swift; sourceTree = "<group>"; };
		4AA6559D2C3EE79B00DF539D /* Assets.xcassets */ = {isa = PBXFileReference; lastKnownFileType = folder.assetcatalog; path = Assets.xcassets; sourceTree = "<group>"; };
		4AA655A02C3EE79B00DF539D /* Preview Assets.xcassets */ = {isa = PBXFileReference; lastKnownFileType = folder.assetcatalog; path = "Preview Assets.xcassets"; sourceTree = "<group>"; };
		4AA655A62C3EE79C00DF539D /* swiftui-alamofireTests.xctest */ = {isa = PBXFileReference; explicitFileType = wrapper.cfbundle; includeInIndex = 0; path = "swiftui-alamofireTests.xctest"; sourceTree = BUILT_PRODUCTS_DIR; };
		4AA655AA2C3EE79C00DF539D /* swiftui_alamofireTests.swift */ = {isa = PBXFileReference; lastKnownFileType = sourcecode.swift; path = swiftui_alamofireTests.swift; sourceTree = "<group>"; };
		4AA655B02C3EE79C00DF539D /* swiftui-alamofireUITests.xctest */ = {isa = PBXFileReference; explicitFileType = wrapper.cfbundle; includeInIndex = 0; path = "swiftui-alamofireUITests.xctest"; sourceTree = BUILT_PRODUCTS_DIR; };
		4AA655B42C3EE79C00DF539D /* swiftui_alamofireUITests.swift */ = {isa = PBXFileReference; lastKnownFileType = sourcecode.swift; path = swiftui_alamofireUITests.swift; sourceTree = "<group>"; };
		4AA655B62C3EE79C00DF539D /* swiftui_alamofireUITestsLaunchTests.swift */ = {isa = PBXFileReference; lastKnownFileType = sourcecode.swift; path = swiftui_alamofireUITestsLaunchTests.swift; sourceTree = "<group>"; };
/* End PBXFileReference section */

/* Begin PBXFrameworksBuildPhase section */
		4AA655932C3EE79800DF539D /* Frameworks */ = {
			isa = PBXFrameworksBuildPhase;
			buildActionMask = 2147483647;
			files = (
				4A13D04C2C3EF6D800FD3B99 /* Alamofire in Frameworks */,
			);
			runOnlyForDeploymentPostprocessing = 0;
		};
		4AA655A32C3EE79C00DF539D /* Frameworks */ = {
			isa = PBXFrameworksBuildPhase;
			buildActionMask = 2147483647;
			files = (
			);
			runOnlyForDeploymentPostprocessing = 0;
		};
		4AA655AD2C3EE79C00DF539D /* Frameworks */ = {
			isa = PBXFrameworksBuildPhase;
			buildActionMask = 2147483647;
			files = (
			);
			runOnlyForDeploymentPostprocessing = 0;
		};
/* End PBXFrameworksBuildPhase section */

/* Begin PBXGroup section */
		4A13D0452C3EF23300FD3B99 /* Network Service */ = {
			isa = PBXGroup;
			children = (
				4A13D0462C3EF25000FD3B99 /* NetworkService.swift */,
			);
			path = "Network Service";
			sourceTree = "<group>";
		};
		4A13D0482C3EF2DE00FD3B99 /* Model */ = {
			isa = PBXGroup;
			children = (
				4A13D0492C3EF35600FD3B99 /* PetsModel.swift */,
			);
			path = Model;
			sourceTree = "<group>";
		};
		4A13D04D2C3EF86A00FD3B99 /* ViewModels */ = {
			isa = PBXGroup;
			children = (
				4A13D04E2C3EF87E00FD3B99 /* PetsViewModel.swift */,
				4A13D0532C3EFBA300FD3B99 /* ProductModel.swift */,
			);
			path = ViewModels;
			sourceTree = "<group>";
		};
		4A13D0502C3EFA9C00FD3B99 /* Cell */ = {
			isa = PBXGroup;
			children = (
				4A13D0512C3EFAAC00FD3B99 /* Cell.swift */,
			);
			path = Cell;
			sourceTree = "<group>";
		};
		4AA6558D2C3EE79800DF539D = {
			isa = PBXGroup;
			children = (
				4A13D0452C3EF23300FD3B99 /* Network Service */,
				4AA655982C3EE79800DF539D /* swiftui-alamofire */,
				4AA655A92C3EE79C00DF539D /* swiftui-alamofireTests */,
				4AA655B32C3EE79C00DF539D /* swiftui-alamofireUITests */,
				4AA655972C3EE79800DF539D /* Products */,
			);
			sourceTree = "<group>";
		};
		4AA655972C3EE79800DF539D /* Products */ = {
			isa = PBXGroup;
			children = (
				4AA655962C3EE79800DF539D /* swiftui-alamofire.app */,
				4AA655A62C3EE79C00DF539D /* swiftui-alamofireTests.xctest */,
				4AA655B02C3EE79C00DF539D /* swiftui-alamofireUITests.xctest */,
			);
			name = Products;
			sourceTree = "<group>";
		};
		4AA655982C3EE79800DF539D /* swiftui-alamofire */ = {
			isa = PBXGroup;
			children = (
				4A13D0502C3EFA9C00FD3B99 /* Cell */,
				4A13D04D2C3EF86A00FD3B99 /* ViewModels */,
				4A13D0482C3EF2DE00FD3B99 /* Model */,
				4AA655992C3EE79800DF539D /* swiftui_alamofireApp.swift */,
				4AA6559B2C3EE79800DF539D /* ContentView.swift */,
				4AA6559D2C3EE79B00DF539D /* Assets.xcassets */,
				4AA6559F2C3EE79B00DF539D /* Preview Content */,
			);
			path = "swiftui-alamofire";
			sourceTree = "<group>";
		};
		4AA6559F2C3EE79B00DF539D /* Preview Content */ = {
			isa = PBXGroup;
			children = (
				4AA655A02C3EE79B00DF539D /* Preview Assets.xcassets */,
			);
			path = "Preview Content";
			sourceTree = "<group>";
		};
		4AA655A92C3EE79C00DF539D /* swiftui-alamofireTests */ = {
			isa = PBXGroup;
			children = (
				4AA655AA2C3EE79C00DF539D /* swiftui_alamofireTests.swift */,
			);
			path = "swiftui-alamofireTests";
			sourceTree = "<group>";
		};
		4AA655B32C3EE79C00DF539D /* swiftui-alamofireUITests */ = {
			isa = PBXGroup;
			children = (
				4AA655B42C3EE79C00DF539D /* swiftui_alamofireUITests.swift */,
				4AA655B62C3EE79C00DF539D /* swiftui_alamofireUITestsLaunchTests.swift */,
			);
			path = "swiftui-alamofireUITests";
			sourceTree = "<group>";
		};
/* End PBXGroup section */

/* Begin PBXNativeTarget section */
		4AA655952C3EE79800DF539D /* swiftui-alamofire */ = {
			isa = PBXNativeTarget;
			buildConfigurationList = 4AA655BA2C3EE79C00DF539D /* Build configuration list for PBXNativeTarget "swiftui-alamofire" */;
			buildPhases = (
				4AA655922C3EE79800DF539D /* Sources */,
				4AA655932C3EE79800DF539D /* Frameworks */,
				4AA655942C3EE79800DF539D /* Resources */,
			);
			buildRules = (
			);
			dependencies = (
			);
			name = "swiftui-alamofire";
			packageProductDependencies = (
				4A13D04B2C3EF6D800FD3B99 /* Alamofire */,
			);
			productName = "swiftui-alamofire";
			productReference = 4AA655962C3EE79800DF539D /* swiftui-alamofire.app */;
			productType = "com.apple.product-type.application";
		};
		4AA655A52C3EE79C00DF539D /* swiftui-alamofireTests */ = {
			isa = PBXNativeTarget;
			buildConfigurationList = 4AA655BD2C3EE79C00DF539D /* Build configuration list for PBXNativeTarget "swiftui-alamofireTests" */;
			buildPhases = (
				4AA655A22C3EE79C00DF539D /* Sources */,
				4AA655A32C3EE79C00DF539D /* Frameworks */,
				4AA655A42C3EE79C00DF539D /* Resources */,
			);
			buildRules = (
			);
			dependencies = (
				4AA655A82C3EE79C00DF539D /* PBXTargetDependency */,
			);
			name = "swiftui-alamofireTests";
			productName = "swiftui-alamofireTests";
			productReference = 4AA655A62C3EE79C00DF539D /* swiftui-alamofireTests.xctest */;
			productType = "com.apple.product-type.bundle.unit-test";
		};
		4AA655AF2C3EE79C00DF539D /* swiftui-alamofireUITests */ = {
			isa = PBXNativeTarget;
			buildConfigurationList = 4AA655C02C3EE79C00DF539D /* Build configuration list for PBXNativeTarget "swiftui-alamofireUITests" */;
			buildPhases = (
				4AA655AC2C3EE79C00DF539D /* Sources */,
				4AA655AD2C3EE79C00DF539D /* Frameworks */,
				4AA655AE2C3EE79C00DF539D /* Resources */,
			);
			buildRules = (
			);
			dependencies = (
				4AA655B22C3EE79C00DF539D /* PBXTargetDependency */,
			);
			name = "swiftui-alamofireUITests";
			productName = "swiftui-alamofireUITests";
			productReference = 4AA655B02C3EE79C00DF539D /* swiftui-alamofireUITests.xctest */;
			productType = "com.apple.product-type.bundle.ui-testing";
		};
/* End PBXNativeTarget section */

/* Begin PBXProject section */
		4AA6558E2C3EE79800DF539D /* Project object */ = {
			isa = PBXProject;
			attributes = {
				BuildIndependentTargetsInParallel = 1;
				LastSwiftUpdateCheck = 1600;
				LastUpgradeCheck = 1600;
				TargetAttributes = {
					4AA655952C3EE79800DF539D = {
						CreatedOnToolsVersion = 16.0;
					};
					4AA655A52C3EE79C00DF539D = {
						CreatedOnToolsVersion = 16.0;
						TestTargetID = 4AA655952C3EE79800DF539D;
					};
					4AA655AF2C3EE79C00DF539D = {
						CreatedOnToolsVersion = 16.0;
						TestTargetID = 4AA655952C3EE79800DF539D;
					};
				};
			};
			buildConfigurationList = 4AA655912C3EE79800DF539D /* Build configuration list for PBXProject "swiftui-alamofire" */;
			compatibilityVersion = "Xcode 15.0";
			developmentRegion = en;
			hasScannedForEncodings = 0;
			knownRegions = (
				en,
				Base,
			);
			mainGroup = 4AA6558D2C3EE79800DF539D;
			packageReferences = (
				4A13D0442C3EF1AF00FD3B99 /* XCRemoteSwiftPackageReference "Alamofire" */,
			);
			productRefGroup = 4AA655972C3EE79800DF539D /* Products */;
			projectDirPath = "";
			projectRoot = "";
			targets = (
				4AA655952C3EE79800DF539D /* swiftui-alamofire */,
				4AA655A52C3EE79C00DF539D /* swiftui-alamofireTests */,
				4AA655AF2C3EE79C00DF539D /* swiftui-alamofireUITests */,
			);
		};
/* End PBXProject section */

/* Begin PBXResourcesBuildPhase section */
		4AA655942C3EE79800DF539D /* Resources */ = {
			isa = PBXResourcesBuildPhase;
			buildActionMask = 2147483647;
			files = (
				4AA655A12C3EE79B00DF539D /* Preview Assets.xcassets in Resources */,
				4AA6559E2C3EE79B00DF539D /* Assets.xcassets in Resources */,
			);
			runOnlyForDeploymentPostprocessing = 0;
		};
		4AA655A42C3EE79C00DF539D /* Resources */ = {
			isa = PBXResourcesBuildPhase;
			buildActionMask = 2147483647;
			files = (
			);
			runOnlyForDeploymentPostprocessing = 0;
		};
		4AA655AE2C3EE79C00DF539D /* Resources */ = {
			isa = PBXResourcesBuildPhase;
			buildActionMask = 2147483647;
			files = (
			);
			runOnlyForDeploymentPostprocessing = 0;
		};
/* End PBXResourcesBuildPhase section */

/* Begin PBXSourcesBuildPhase section */
		4AA655922C3EE79800DF539D /* Sources */ = {
			isa = PBXSourcesBuildPhase;
			buildActionMask = 2147483647;
			files = (
				4AA6559C2C3EE79800DF539D /* ContentView.swift in Sources */,
				4A13D0472C3EF25000FD3B99 /* NetworkService.swift in Sources */,
				4AA6559A2C3EE79800DF539D /* swiftui_alamofireApp.swift in Sources */,
				4A13D04F2C3EF87E00FD3B99 /* PetsViewModel.swift in Sources */,
				4A13D04A2C3EF35600FD3B99 /* PetsModel.swift in Sources */,
				4A13D0542C3EFBA300FD3B99 /* ProductModel.swift in Sources */,
				4A13D0522C3EFAAC00FD3B99 /* Cell.swift in Sources */,
			);
			runOnlyForDeploymentPostprocessing = 0;
		};
		4AA655A22C3EE79C00DF539D /* Sources */ = {
			isa = PBXSourcesBuildPhase;
			buildActionMask = 2147483647;
			files = (
				4AA655AB2C3EE79C00DF539D /* swiftui_alamofireTests.swift in Sources */,
			);
			runOnlyForDeploymentPostprocessing = 0;
		};
		4AA655AC2C3EE79C00DF539D /* Sources */ = {
			isa = PBXSourcesBuildPhase;
			buildActionMask = 2147483647;
			files = (
				4AA655B52C3EE79C00DF539D /* swiftui_alamofireUITests.swift in Sources */,
				4AA655B72C3EE79C00DF539D /* swiftui_alamofireUITestsLaunchTests.swift in Sources */,
			);
			runOnlyForDeploymentPostprocessing = 0;
		};
/* End PBXSourcesBuildPhase section */

/* Begin PBXTargetDependency section */
		4AA655A82C3EE79C00DF539D /* PBXTargetDependency */ = {
			isa = PBXTargetDependency;
			target = 4AA655952C3EE79800DF539D /* swiftui-alamofire */;
			targetProxy = 4AA655A72C3EE79C00DF539D /* PBXContainerItemProxy */;
		};
		4AA655B22C3EE79C00DF539D /* PBXTargetDependency */ = {
			isa = PBXTargetDependency;
			target = 4AA655952C3EE79800DF539D /* swiftui-alamofire */;
			targetProxy = 4AA655B12C3EE79C00DF539D /* PBXContainerItemProxy */;
		};
/* End PBXTargetDependency section */

/* Begin XCBuildConfiguration section */
		4AA655B82C3EE79C00DF539D /* Debug */ = {
			isa = XCBuildConfiguration;
			buildSettings = {
				ALWAYS_SEARCH_USER_PATHS = NO;
				ASSETCATALOG_COMPILER_GENERATE_SWIFT_ASSET_SYMBOL_EXTENSIONS = YES;
				CLANG_ANALYZER_NONNULL = YES;
				CLANG_ANALYZER_NUMBER_OBJECT_CONVERSION = YES_AGGRESSIVE;
				CLANG_CXX_LANGUAGE_STANDARD = "gnu++20";
				CLANG_ENABLE_MODULES = YES;
				CLANG_ENABLE_OBJC_ARC = YES;
				CLANG_ENABLE_OBJC_WEAK = YES;
				CLANG_WARN_BLOCK_CAPTURE_AUTORELEASING = YES;
				CLANG_WARN_BOOL_CONVERSION = YES;
				CLANG_WARN_COMMA = YES;
				CLANG_WARN_CONSTANT_CONVERSION = YES;
				CLANG_WARN_DEPRECATED_OBJC_IMPLEMENTATIONS = YES;
				CLANG_WARN_DIRECT_OBJC_ISA_USAGE = YES_ERROR;
				CLANG_WARN_DOCUMENTATION_COMMENTS = YES;
				CLANG_WARN_EMPTY_BODY = YES;
				CLANG_WARN_ENUM_CONVERSION = YES;
				CLANG_WARN_INFINITE_RECURSION = YES;
				CLANG_WARN_INT_CONVERSION = YES;
				CLANG_WARN_NON_LITERAL_NULL_CONVERSION = YES;
				CLANG_WARN_OBJC_IMPLICIT_RETAIN_SELF = YES;
				CLANG_WARN_OBJC_LITERAL_CONVERSION = YES;
				CLANG_WARN_OBJC_ROOT_CLASS = YES_ERROR;
				CLANG_WARN_QUOTED_INCLUDE_IN_FRAMEWORK_HEADER = YES;
				CLANG_WARN_RANGE_LOOP_ANALYSIS = YES;
				CLANG_WARN_STRICT_PROTOTYPES = YES;
				CLANG_WARN_SUSPICIOUS_MOVE = YES;
				CLANG_WARN_UNGUARDED_AVAILABILITY = YES_AGGRESSIVE;
				CLANG_WARN_UNREACHABLE_CODE = YES;
				CLANG_WARN__DUPLICATE_METHOD_MATCH = YES;
				COPY_PHASE_STRIP = NO;
				DEBUG_INFORMATION_FORMAT = dwarf;
				ENABLE_STRICT_OBJC_MSGSEND = YES;
				ENABLE_TESTABILITY = YES;
				ENABLE_USER_SCRIPT_SANDBOXING = YES;
				GCC_C_LANGUAGE_STANDARD = gnu17;
				GCC_DYNAMIC_NO_PIC = NO;
				GCC_NO_COMMON_BLOCKS = YES;
				GCC_OPTIMIZATION_LEVEL = 0;
				GCC_PREPROCESSOR_DEFINITIONS = (
					"DEBUG=1",
					"$(inherited)",
				);
				GCC_WARN_64_TO_32_BIT_CONVERSION = YES;
				GCC_WARN_ABOUT_RETURN_TYPE = YES_ERROR;
				GCC_WARN_UNDECLARED_SELECTOR = YES;
				GCC_WARN_UNINITIALIZED_AUTOS = YES_AGGRESSIVE;
				GCC_WARN_UNUSED_FUNCTION = YES;
				GCC_WARN_UNUSED_VARIABLE = YES;
				IPHONEOS_DEPLOYMENT_TARGET = 17.5;
				LOCALIZATION_PREFERS_STRING_CATALOGS = YES;
				MTL_ENABLE_DEBUG_INFO = INCLUDE_SOURCE;
				MTL_FAST_MATH = YES;
				ONLY_ACTIVE_ARCH = YES;
				SDKROOT = iphoneos;
				SWIFT_ACTIVE_COMPILATION_CONDITIONS = "DEBUG $(inherited)";
				SWIFT_OPTIMIZATION_LEVEL = "-Onone";
			};
			name = Debug;
		};
		4AA655B92C3EE79C00DF539D /* Release */ = {
			isa = XCBuildConfiguration;
			buildSettings = {
				ALWAYS_SEARCH_USER_PATHS = NO;
				ASSETCATALOG_COMPILER_GENERATE_SWIFT_ASSET_SYMBOL_EXTENSIONS = YES;
				CLANG_ANALYZER_NONNULL = YES;
				CLANG_ANALYZER_NUMBER_OBJECT_CONVERSION = YES_AGGRESSIVE;
				CLANG_CXX_LANGUAGE_STANDARD = "gnu++20";
				CLANG_ENABLE_MODULES = YES;
				CLANG_ENABLE_OBJC_ARC = YES;
				CLANG_ENABLE_OBJC_WEAK = YES;
				CLANG_WARN_BLOCK_CAPTURE_AUTORELEASING = YES;
				CLANG_WARN_BOOL_CONVERSION = YES;
				CLANG_WARN_COMMA = YES;
				CLANG_WARN_CONSTANT_CONVERSION = YES;
				CLANG_WARN_DEPRECATED_OBJC_IMPLEMENTATIONS = YES;
				CLANG_WARN_DIRECT_OBJC_ISA_USAGE = YES_ERROR;
				CLANG_WARN_DOCUMENTATION_COMMENTS = YES;
				CLANG_WARN_EMPTY_BODY = YES;
				CLANG_WARN_ENUM_CONVERSION = YES;
				CLANG_WARN_INFINITE_RECURSION = YES;
				CLANG_WARN_INT_CONVERSION = YES;
				CLANG_WARN_NON_LITERAL_NULL_CONVERSION = YES;
				CLANG_WARN_OBJC_IMPLICIT_RETAIN_SELF = YES;
				CLANG_WARN_OBJC_LITERAL_CONVERSION = YES;
				CLANG_WARN_OBJC_ROOT_CLASS = YES_ERROR;
				CLANG_WARN_QUOTED_INCLUDE_IN_FRAMEWORK_HEADER = YES;
				CLANG_WARN_RANGE_LOOP_ANALYSIS = YES;
				CLANG_WARN_STRICT_PROTOTYPES = YES;
				CLANG_WARN_SUSPICIOUS_MOVE = YES;
				CLANG_WARN_UNGUARDED_AVAILABILITY = YES_AGGRESSIVE;
				CLANG_WARN_UNREACHABLE_CODE = YES;
				CLANG_WARN__DUPLICATE_METHOD_MATCH = YES;
				COPY_PHASE_STRIP = NO;
				DEBUG_INFORMATION_FORMAT = "dwarf-with-dsym";
				ENABLE_NS_ASSERTIONS = NO;
				ENABLE_STRICT_OBJC_MSGSEND = YES;
				ENABLE_USER_SCRIPT_SANDBOXING = YES;
				GCC_C_LANGUAGE_STANDARD = gnu17;
				GCC_NO_COMMON_BLOCKS = YES;
				GCC_WARN_64_TO_32_BIT_CONVERSION = YES;
				GCC_WARN_ABOUT_RETURN_TYPE = YES_ERROR;
				GCC_WARN_UNDECLARED_SELECTOR = YES;
				GCC_WARN_UNINITIALIZED_AUTOS = YES_AGGRESSIVE;
				GCC_WARN_UNUSED_FUNCTION = YES;
				GCC_WARN_UNUSED_VARIABLE = YES;
				IPHONEOS_DEPLOYMENT_TARGET = 17.5;
				LOCALIZATION_PREFERS_STRING_CATALOGS = YES;
				MTL_ENABLE_DEBUG_INFO = NO;
				MTL_FAST_MATH = YES;
				SDKROOT = iphoneos;
				SWIFT_COMPILATION_MODE = wholemodule;
				VALIDATE_PRODUCT = YES;
			};
			name = Release;
		};
		4AA655BB2C3EE79C00DF539D /* Debug */ = {
			isa = XCBuildConfiguration;
			buildSettings = {
				ASSETCATALOG_COMPILER_APPICON_NAME = AppIcon;
				ASSETCATALOG_COMPILER_GLOBAL_ACCENT_COLOR_NAME = AccentColor;
				CODE_SIGN_STYLE = Automatic;
				CURRENT_PROJECT_VERSION = 1;
				DEVELOPMENT_ASSET_PATHS = "\"swiftui-alamofire/Preview Content\"";
				DEVELOPMENT_TEAM = 3K558Y5NQS;
				ENABLE_PREVIEWS = YES;
				GENERATE_INFOPLIST_FILE = YES;
				INFOPLIST_KEY_UIApplicationSceneManifest_Generation = YES;
				INFOPLIST_KEY_UIApplicationSupportsIndirectInputEvents = YES;
				INFOPLIST_KEY_UILaunchScreen_Generation = YES;
				INFOPLIST_KEY_UISupportedInterfaceOrientations_iPad = "UIInterfaceOrientationPortrait UIInterfaceOrientationPortraitUpsideDown UIInterfaceOrientationLandscapeLeft UIInterfaceOrientationLandscapeRight";
				INFOPLIST_KEY_UISupportedInterfaceOrientations_iPhone = "UIInterfaceOrientationPortrait UIInterfaceOrientationLandscapeLeft UIInterfaceOrientationLandscapeRight";
				IPHONEOS_DEPLOYMENT_TARGET = 16.2;
				LD_RUNPATH_SEARCH_PATHS = (
					"$(inherited)",
					"@executable_path/Frameworks",
				);
				MARKETING_VERSION = 1.0;
				PRODUCT_BUNDLE_IDENTIFIER = "com.sachindaingade.swiftui-alamofire";
				PRODUCT_NAME = "$(TARGET_NAME)";
				SUPPORTED_PLATFORMS = "iphoneos iphonesimulator";
				SUPPORTS_MACCATALYST = NO;
				SUPPORTS_MAC_DESIGNED_FOR_IPHONE_IPAD = NO;
				SUPPORTS_XR_DESIGNED_FOR_IPHONE_IPAD = NO;
				SWIFT_EMIT_LOC_STRINGS = YES;
				SWIFT_VERSION = 5.0;
				TARGETED_DEVICE_FAMILY = "1,2";
			};
			name = Debug;
		};
		4AA655BC2C3EE79C00DF539D /* Release */ = {
			isa = XCBuildConfiguration;
			buildSettings = {
				ASSETCATALOG_COMPILER_APPICON_NAME = AppIcon;
				ASSETCATALOG_COMPILER_GLOBAL_ACCENT_COLOR_NAME = AccentColor;
				CODE_SIGN_STYLE = Automatic;
				CURRENT_PROJECT_VERSION = 1;
				DEVELOPMENT_ASSET_PATHS = "\"swiftui-alamofire/Preview Content\"";
				DEVELOPMENT_TEAM = 3K558Y5NQS;
				ENABLE_PREVIEWS = YES;
				GENERATE_INFOPLIST_FILE = YES;
				INFOPLIST_KEY_UIApplicationSceneManifest_Generation = YES;
				INFOPLIST_KEY_UIApplicationSupportsIndirectInputEvents = YES;
				INFOPLIST_KEY_UILaunchScreen_Generation = YES;
				INFOPLIST_KEY_UISupportedInterfaceOrientations_iPad = "UIInterfaceOrientationPortrait UIInterfaceOrientationPortraitUpsideDown UIInterfaceOrientationLandscapeLeft UIInterfaceOrientationLandscapeRight";
				INFOPLIST_KEY_UISupportedInterfaceOrientations_iPhone = "UIInterfaceOrientationPortrait UIInterfaceOrientationLandscapeLeft UIInterfaceOrientationLandscapeRight";
				IPHONEOS_DEPLOYMENT_TARGET = 16.2;
				LD_RUNPATH_SEARCH_PATHS = (
					"$(inherited)",
					"@executable_path/Frameworks",
				);
				MARKETING_VERSION = 1.0;
				PRODUCT_BUNDLE_IDENTIFIER = "com.sachindaingade.swiftui-alamofire";
				PRODUCT_NAME = "$(TARGET_NAME)";
				SUPPORTED_PLATFORMS = "iphoneos iphonesimulator";
				SUPPORTS_MACCATALYST = NO;
				SUPPORTS_MAC_DESIGNED_FOR_IPHONE_IPAD = NO;
				SUPPORTS_XR_DESIGNED_FOR_IPHONE_IPAD = NO;
				SWIFT_EMIT_LOC_STRINGS = YES;
				SWIFT_VERSION = 5.0;
				TARGETED_DEVICE_FAMILY = "1,2";
			};
			name = Release;
		};
		4AA655BE2C3EE79C00DF539D /* Debug */ = {
			isa = XCBuildConfiguration;
			buildSettings = {
				BUNDLE_LOADER = "$(TEST_HOST)";
				CODE_SIGN_STYLE = Automatic;
				CURRENT_PROJECT_VERSION = 1;
				DEVELOPMENT_TEAM = 3K558Y5NQS;
				GENERATE_INFOPLIST_FILE = YES;
				IPHONEOS_DEPLOYMENT_TARGET = 18.0;
				MARKETING_VERSION = 1.0;
				PRODUCT_BUNDLE_IDENTIFIER = "com.sachindaingade.swiftui-alamofireTests";
				PRODUCT_NAME = "$(TARGET_NAME)";
				SWIFT_EMIT_LOC_STRINGS = NO;
				SWIFT_VERSION = 5.0;
				TARGETED_DEVICE_FAMILY = "1,2";
				TEST_HOST = "$(BUILT_PRODUCTS_DIR)/swiftui-alamofire.app/$(BUNDLE_EXECUTABLE_FOLDER_PATH)/swiftui-alamofire";
			};
			name = Debug;
		};
		4AA655BF2C3EE79C00DF539D /* Release */ = {
			isa = XCBuildConfiguration;
			buildSettings = {
				BUNDLE_LOADER = "$(TEST_HOST)";
				CODE_SIGN_STYLE = Automatic;
				CURRENT_PROJECT_VERSION = 1;
				DEVELOPMENT_TEAM = 3K558Y5NQS;
				GENERATE_INFOPLIST_FILE = YES;
				IPHONEOS_DEPLOYMENT_TARGET = 18.0;
				MARKETING_VERSION = 1.0;
				PRODUCT_BUNDLE_IDENTIFIER = "com.sachindaingade.swiftui-alamofireTests";
				PRODUCT_NAME = "$(TARGET_NAME)";
				SWIFT_EMIT_LOC_STRINGS = NO;
				SWIFT_VERSION = 5.0;
				TARGETED_DEVICE_FAMILY = "1,2";
				TEST_HOST = "$(BUILT_PRODUCTS_DIR)/swiftui-alamofire.app/$(BUNDLE_EXECUTABLE_FOLDER_PATH)/swiftui-alamofire";
			};
			name = Release;
		};
		4AA655C12C3EE79C00DF539D /* Debug */ = {
			isa = XCBuildConfiguration;
			buildSettings = {
				CODE_SIGN_STYLE = Automatic;
				CURRENT_PROJECT_VERSION = 1;
				DEVELOPMENT_TEAM = 3K558Y5NQS;
				GENERATE_INFOPLIST_FILE = YES;
				MARKETING_VERSION = 1.0;
				PRODUCT_BUNDLE_IDENTIFIER = "com.sachindaingade.swiftui-alamofireUITests";
				PRODUCT_NAME = "$(TARGET_NAME)";
				SWIFT_EMIT_LOC_STRINGS = NO;
				SWIFT_VERSION = 5.0;
				TARGETED_DEVICE_FAMILY = "1,2";
				TEST_TARGET_NAME = "swiftui-alamofire";
			};
			name = Debug;
		};
		4AA655C22C3EE79C00DF539D /* Release */ = {
			isa = XCBuildConfiguration;
			buildSettings = {
				CODE_SIGN_STYLE = Automatic;
				CURRENT_PROJECT_VERSION = 1;
				DEVELOPMENT_TEAM = 3K558Y5NQS;
				GENERATE_INFOPLIST_FILE = YES;
				MARKETING_VERSION = 1.0;
				PRODUCT_BUNDLE_IDENTIFIER = "com.sachindaingade.swiftui-alamofireUITests";
				PRODUCT_NAME = "$(TARGET_NAME)";
				SWIFT_EMIT_LOC_STRINGS = NO;
				SWIFT_VERSION = 5.0;
				TARGETED_DEVICE_FAMILY = "1,2";
				TEST_TARGET_NAME = "swiftui-alamofire";
			};
			name = Release;
		};
/* End XCBuildConfiguration section */

/* Begin XCConfigurationList section */
		4AA655912C3EE79800DF539D /* Build configuration list for PBXProject "swiftui-alamofire" */ = {
			isa = XCConfigurationList;
			buildConfigurations = (
				4AA655B82C3EE79C00DF539D /* Debug */,
				4AA655B92C3EE79C00DF539D /* Release */,
			);
			defaultConfigurationIsVisible = 0;
			defaultConfigurationName = Release;
		};
		4AA655BA2C3EE79C00DF539D /* Build configuration list for PBXNativeTarget "swiftui-alamofire" */ = {
			isa = XCConfigurationList;
			buildConfigurations = (
				4AA655BB2C3EE79C00DF539D /* Debug */,
				4AA655BC2C3EE79C00DF539D /* Release */,
			);
			defaultConfigurationIsVisible = 0;
			defaultConfigurationName = Release;
		};
		4AA655BD2C3EE79C00DF539D /* Build configuration list for PBXNativeTarget "swiftui-alamofireTests" */ = {
			isa = XCConfigurationList;
			buildConfigurations = (
				4AA655BE2C3EE79C00DF539D /* Debug */,
				4AA655BF2C3EE79C00DF539D /* Release */,
			);
			defaultConfigurationIsVisible = 0;
			defaultConfigurationName = Release;
		};
		4AA655C02C3EE79C00DF539D /* Build configuration list for PBXNativeTarget "swiftui-alamofireUITests" */ = {
			isa = XCConfigurationList;
			buildConfigurations = (
				4AA655C12C3EE79C00DF539D /* Debug */,
				4AA655C22C3EE79C00DF539D /* Release */,
			);
			defaultConfigurationIsVisible = 0;
			defaultConfigurationName = Release;
		};
/* End XCConfigurationList section */

/* Begin XCRemoteSwiftPackageReference section */
		4A13D0442C3EF1AF00FD3B99 /* XCRemoteSwiftPackageReference "Alamofire" */ = {
			isa = XCRemoteSwiftPackageReference;
			repositoryURL = "https://github.com/Alamofire/Alamofire.git";
			requirement = {
				kind = upToNextMajorVersion;
				minimumVersion = 5.9.1;
			};
		};
/* End XCRemoteSwiftPackageReference section */

/* Begin XCSwiftPackageProductDependency section */
		4A13D04B2C3EF6D800FD3B99 /* Alamofire */ = {
			isa = XCSwiftPackageProductDependency;
			package = 4A13D0442C3EF1AF00FD3B99 /* XCRemoteSwiftPackageReference "Alamofire" */;
			productName = Alamofire;
		};
/* End XCSwiftPackageProductDependency section */
	};
	rootObject = 4AA6558E2C3EE79800DF539D /* Project object */;
}
